// !$*UTF8*$!
{
	archiveVersion = 1;
	classes = {
	};
	objectVersion = 55;
	objects = {

/* Begin PBXBuildFile section */
		169C59547EBD95940D420039 /* Pods_AssignmentTask.framework in Frameworks */ = {isa = PBXBuildFile; fileRef = 7BAF45577EC8833FF9F6C700 /* Pods_AssignmentTask.framework */; };
		522BC55F28A27EF6005790BE /* AppDelegate.swift in Sources */ = {isa = PBXBuildFile; fileRef = 522BC55E28A27EF6005790BE /* AppDelegate.swift */; };
		522BC56128A27EF6005790BE /* SceneDelegate.swift in Sources */ = {isa = PBXBuildFile; fileRef = 522BC56028A27EF6005790BE /* SceneDelegate.swift */; };
		522BC56328A27EF6005790BE /* ViewController.swift in Sources */ = {isa = PBXBuildFile; fileRef = 522BC56228A27EF6005790BE /* ViewController.swift */; };
		522BC56628A27EF6005790BE /* Main.storyboard in Resources */ = {isa = PBXBuildFile; fileRef = 522BC56428A27EF6005790BE /* Main.storyboard */; };
		522BC56828A27EF7005790BE /* Assets.xcassets in Resources */ = {isa = PBXBuildFile; fileRef = 522BC56728A27EF7005790BE /* Assets.xcassets */; };
		522BC56B28A27EF7005790BE /* LaunchScreen.storyboard in Resources */ = {isa = PBXBuildFile; fileRef = 522BC56928A27EF7005790BE /* LaunchScreen.storyboard */; };
		522BC57328A2805A005790BE /* BaseVC.swift in Sources */ = {isa = PBXBuildFile; fileRef = 522BC57228A2805A005790BE /* BaseVC.swift */; };
		522BC57528A282BA005790BE /* ExtensionViewController.swift in Sources */ = {isa = PBXBuildFile; fileRef = 522BC57428A282BA005790BE /* ExtensionViewController.swift */; };
		522BC57828A29526005790BE /* AssignmentTask.xcdatamodeld in Sources */ = {isa = PBXBuildFile; fileRef = 522BC57628A29526005790BE /* AssignmentTask.xcdatamodeld */; };
		522BC57A28A295C5005790BE /* DatabaseHelper.swift in Sources */ = {isa = PBXBuildFile; fileRef = 522BC57928A295C5005790BE /* DatabaseHelper.swift */; };
/* End PBXBuildFile section */

/* Begin PBXFileReference section */
		522BC55B28A27EF6005790BE /* AssignmentTask.app */ = {isa = PBXFileReference; explicitFileType = wrapper.application; includeInIndex = 0; path = AssignmentTask.app; sourceTree = BUILT_PRODUCTS_DIR; };
		522BC55E28A27EF6005790BE /* AppDelegate.swift */ = {isa = PBXFileReference; lastKnownFileType = sourcecode.swift; path = AppDelegate.swift; sourceTree = "<group>"; };
		522BC56028A27EF6005790BE /* SceneDelegate.swift */ = {isa = PBXFileReference; lastKnownFileType = sourcecode.swift; path = SceneDelegate.swift; sourceTree = "<group>"; };
		522BC56228A27EF6005790BE /* ViewController.swift */ = {isa = PBXFileReference; lastKnownFileType = sourcecode.swift; path = ViewController.swift; sourceTree = "<group>"; };
		522BC56528A27EF6005790BE /* Base */ = {isa = PBXFileReference; lastKnownFileType = file.storyboard; name = Base; path = Base.lproj/Main.storyboard; sourceTree = "<group>"; };
		522BC56728A27EF7005790BE /* Assets.xcassets */ = {isa = PBXFileReference; lastKnownFileType = folder.assetcatalog; path = Assets.xcassets; sourceTree = "<group>"; };
		522BC56A28A27EF7005790BE /* Base */ = {isa = PBXFileReference; lastKnownFileType = file.storyboard; name = Base; path = Base.lproj/LaunchScreen.storyboard; sourceTree = "<group>"; };
		522BC56C28A27EF7005790BE /* Info.plist */ = {isa = PBXFileReference; lastKnownFileType = text.plist.xml; path = Info.plist; sourceTree = "<group>"; };
		522BC57228A2805A005790BE /* BaseVC.swift */ = {isa = PBXFileReference; lastKnownFileType = sourcecode.swift; path = BaseVC.swift; sourceTree = "<group>"; };
		522BC57428A282BA005790BE /* ExtensionViewController.swift */ = {isa = PBXFileReference; lastKnownFileType = sourcecode.swift; path = ExtensionViewController.swift; sourceTree = "<group>"; };
		522BC57728A29526005790BE /* AssignmentTask.xcdatamodel */ = {isa = PBXFileReference; lastKnownFileType = wrapper.xcdatamodel; path = AssignmentTask.xcdatamodel; sourceTree = "<group>"; };
		522BC57928A295C5005790BE /* DatabaseHelper.swift */ = {isa = PBXFileReference; lastKnownFileType = sourcecode.swift; path = DatabaseHelper.swift; sourceTree = "<group>"; };
		7BAF45577EC8833FF9F6C700 /* Pods_AssignmentTask.framework */ = {isa = PBXFileReference; explicitFileType = wrapper.framework; includeInIndex = 0; path = Pods_AssignmentTask.framework; sourceTree = BUILT_PRODUCTS_DIR; };
		D3D20B6F511CD8042F31F66B /* Pods-AssignmentTask.release.xcconfig */ = {isa = PBXFileReference; includeInIndex = 1; lastKnownFileType = text.xcconfig; name = "Pods-AssignmentTask.release.xcconfig"; path = "Target Support Files/Pods-AssignmentTask/Pods-AssignmentTask.release.xcconfig"; sourceTree = "<group>"; };
		E5D7A88E06ED1A32A52B3ED2 /* Pods-AssignmentTask.debug.xcconfig */ = {isa = PBXFileReference; includeInIndex = 1; lastKnownFileType = text.xcconfig; name = "Pods-AssignmentTask.debug.xcconfig"; path = "Target Support Files/Pods-AssignmentTask/Pods-AssignmentTask.debug.xcconfig"; sourceTree = "<group>"; };
/* End PBXFileReference section */

/* Begin PBXFrameworksBuildPhase section */
		522BC55828A27EF6005790BE /* Frameworks */ = {
			isa = PBXFrameworksBuildPhase;
			buildActionMask = 2147483647;
			files = (
				169C59547EBD95940D420039 /* Pods_AssignmentTask.framework in Frameworks */,
			);
			runOnlyForDeploymentPostprocessing = 0;
		};
/* End PBXFrameworksBuildPhase section */

/* Begin PBXGroup section */
		24E9CBDF78086ADAA272FE4F /* Frameworks */ = {
			isa = PBXGroup;
			children = (
				7BAF45577EC8833FF9F6C700 /* Pods_AssignmentTask.framework */,
			);
			name = Frameworks;
			sourceTree = "<group>";
		};
		522BC55228A27EF6005790BE = {
			isa = PBXGroup;
			children = (
				522BC55D28A27EF6005790BE /* AssignmentTask */,
				522BC55C28A27EF6005790BE /* Products */,
				7147BAB4EAEC29F69E3372A9 /* Pods */,
				24E9CBDF78086ADAA272FE4F /* Frameworks */,
			);
			sourceTree = "<group>";
		};
		522BC55C28A27EF6005790BE /* Products */ = {
			isa = PBXGroup;
			children = (
				522BC55B28A27EF6005790BE /* AssignmentTask.app */,
			);
			name = Products;
			sourceTree = "<group>";
		};
		522BC55D28A27EF6005790BE /* AssignmentTask */ = {
			isa = PBXGroup;
			children = (
				522BC57928A295C5005790BE /* DatabaseHelper.swift */,
				522BC55E28A27EF6005790BE /* AppDelegate.swift */,
				522BC56028A27EF6005790BE /* SceneDelegate.swift */,
				522BC56228A27EF6005790BE /* ViewController.swift */,
				522BC57628A29526005790BE /* AssignmentTask.xcdatamodeld */,
				522BC57428A282BA005790BE /* ExtensionViewController.swift */,
				522BC57228A2805A005790BE /* BaseVC.swift */,
				522BC56428A27EF6005790BE /* Main.storyboard */,
				522BC56728A27EF7005790BE /* Assets.xcassets */,
				522BC56928A27EF7005790BE /* LaunchScreen.storyboard */,
				522BC56C28A27EF7005790BE /* Info.plist */,
			);
			path = AssignmentTask;
			sourceTree = "<group>";
		};
		7147BAB4EAEC29F69E3372A9 /* Pods */ = {
			isa = PBXGroup;
			children = (
				E5D7A88E06ED1A32A52B3ED2 /* Pods-AssignmentTask.debug.xcconfig */,
				D3D20B6F511CD8042F31F66B /* Pods-AssignmentTask.release.xcconfig */,
			);
			path = Pods;
			sourceTree = "<group>";
		};
/* End PBXGroup section */

/* Begin PBXNativeTarget section */
		522BC55A28A27EF6005790BE /* AssignmentTask */ = {
			isa = PBXNativeTarget;
			buildConfigurationList = 522BC56F28A27EF7005790BE /* Build configuration list for PBXNativeTarget "AssignmentTask" */;
			buildPhases = (
				2A06EC70800483D1D1BFDBA2 /* [CP] Check Pods Manifest.lock */,
				522BC55728A27EF6005790BE /* Sources */,
				522BC55828A27EF6005790BE /* Frameworks */,
				522BC55928A27EF6005790BE /* Resources */,
				46D4A8780742433BC7B57A42 /* [CP] Embed Pods Frameworks */,
			);
			buildRules = (
			);
			dependencies = (
			);
			name = AssignmentTask;
			productName = AssignmentTask;
			productReference = 522BC55B28A27EF6005790BE /* AssignmentTask.app */;
			productType = "com.apple.product-type.application";
		};
/* End PBXNativeTarget section */

/* Begin PBXProject section */
		522BC55328A27EF6005790BE /* Project object */ = {
			isa = PBXProject;
			attributes = {
				BuildIndependentTargetsInParallel = 1;
				LastSwiftUpdateCheck = 1340;
				LastUpgradeCheck = 1340;
				TargetAttributes = {
					522BC55A28A27EF6005790BE = {
						CreatedOnToolsVersion = 13.4.1;
					};
				};
			};
			buildConfigurationList = 522BC55628A27EF6005790BE /* Build configuration list for PBXProject "AssignmentTask" */;
			compatibilityVersion = "Xcode 13.0";
			developmentRegion = en;
			hasScannedForEncodings = 0;
			knownRegions = (
				en,
				Base,
			);
			mainGroup = 522BC55228A27EF6005790BE;
			productRefGroup = 522BC55C28A27EF6005790BE /* Products */;
			projectDirPath = "";
			projectRoot = "";
			targets = (
				522BC55A28A27EF6005790BE /* AssignmentTask */,
			);
		};
/* End PBXProject section */

/* Begin PBXResourcesBuildPhase section */
		522BC55928A27EF6005790BE /* Resources */ = {
			isa = PBXResourcesBuildPhase;
			buildActionMask = 2147483647;
			files = (
				522BC56B28A27EF7005790BE /* LaunchScreen.storyboard in Resources */,
				522BC56828A27EF7005790BE /* Assets.xcassets in Resources */,
				522BC56628A27EF6005790BE /* Main.storyboard in Resources */,
			);
			runOnlyForDeploymentPostprocessing = 0;
		};
/* End PBXResourcesBuildPhase section */

/* Begin PBXShellScriptBuildPhase section */
		2A06EC70800483D1D1BFDBA2 /* [CP] Check Pods Manifest.lock */ = {
			isa = PBXShellScriptBuildPhase;
			buildActionMask = 2147483647;
			files = (
			);
			inputFileListPaths = (
			);
			inputPaths = (
				"${PODS_PODFILE_DIR_PATH}/Podfile.lock",
				"${PODS_ROOT}/Manifest.lock",
			);
			name = "[CP] Check Pods Manifest.lock";
			outputFileListPaths = (
			);
			outputPaths = (
				"$(DERIVED_FILE_DIR)/Pods-AssignmentTask-checkManifestLockResult.txt",
			);
			runOnlyForDeploymentPostprocessing = 0;
			shellPath = /bin/sh;
			shellScript = "diff \"${PODS_PODFILE_DIR_PATH}/Podfile.lock\" \"${PODS_ROOT}/Manifest.lock\" > /dev/null\nif [ $? != 0 ] ; then\n    # print error to STDERR\n    echo \"error: The sandbox is not in sync with the Podfile.lock. Run 'pod install' or update your CocoaPods installation.\" >&2\n    exit 1\nfi\n# This output is used by Xcode 'outputs' to avoid re-running this script phase.\necho \"SUCCESS\" > \"${SCRIPT_OUTPUT_FILE_0}\"\n";
			showEnvVarsInLog = 0;
		};
		46D4A8780742433BC7B57A42 /* [CP] Embed Pods Frameworks */ = {
			isa = PBXShellScriptBuildPhase;
			buildActionMask = 2147483647;
			files = (
			);
			inputFileListPaths = (
				"${PODS_ROOT}/Target Support Files/Pods-AssignmentTask/Pods-AssignmentTask-frameworks-${CONFIGURATION}-input-files.xcfilelist",
			);
			name = "[CP] Embed Pods Frameworks";
			outputFileListPaths = (
				"${PODS_ROOT}/Target Support Files/Pods-AssignmentTask/Pods-AssignmentTask-frameworks-${CONFIGURATION}-output-files.xcfilelist",
			);
			runOnlyForDeploymentPostprocessing = 0;
			shellPath = /bin/sh;
			shellScript = "\"${PODS_ROOT}/Target Support Files/Pods-AssignmentTask/Pods-AssignmentTask-frameworks.sh\"\n";
			showEnvVarsInLog = 0;
		};
/* End PBXShellScriptBuildPhase section */

/* Begin PBXSourcesBuildPhase section */
		522BC55728A27EF6005790BE /* Sources */ = {
			isa = PBXSourcesBuildPhase;
			buildActionMask = 2147483647;
			files = (
				522BC56328A27EF6005790BE /* ViewController.swift in Sources */,
				522BC57828A29526005790BE /* AssignmentTask.xcdatamodeld in Sources */,
				522BC57528A282BA005790BE /* ExtensionViewController.swift in Sources */,
				522BC57A28A295C5005790BE /* DatabaseHelper.swift in Sources */,
				522BC55F28A27EF6005790BE /* AppDelegate.swift in Sources */,
				522BC56128A27EF6005790BE /* SceneDelegate.swift in Sources */,
				522BC57328A2805A005790BE /* BaseVC.swift in Sources */,
			);
			runOnlyForDeploymentPostprocessing = 0;
		};
/* End PBXSourcesBuildPhase section */

/* Begin PBXVariantGroup section */
		522BC56428A27EF6005790BE /* Main.storyboard */ = {
			isa = PBXVariantGroup;
			children = (
				522BC56528A27EF6005790BE /* Base */,
			);
			name = Main.storyboard;
			sourceTree = "<group>";
		};
		522BC56928A27EF7005790BE /* LaunchScreen.storyboard */ = {
			isa = PBXVariantGroup;
			children = (
				522BC56A28A27EF7005790BE /* Base */,
			);
			name = LaunchScreen.storyboard;
			sourceTree = "<group>";
		};
/* End PBXVariantGroup section */

/* Begin XCBuildConfiguration section */
		522BC56D28A27EF7005790BE /* Debug */ = {
			isa = XCBuildConfiguration;
			buildSettings = {
				ALWAYS_SEARCH_USER_PATHS = NO;
				CLANG_ANALYZER_NONNULL = YES;
				CLANG_ANALYZER_NUMBER_OBJECT_CONVERSION = YES_AGGRESSIVE;
				CLANG_CXX_LANGUAGE_STANDARD = "gnu++17";
				CLANG_ENABLE_MODULES = YES;
				CLANG_ENABLE_OBJC_ARC = YES;
				CLANG_ENABLE_OBJC_WEAK = YES;
				CLANG_WARN_BLOCK_CAPTURE_AUTORELEASING = YES;
				CLANG_WARN_BOOL_CONVERSION = YES;
				CLANG_WARN_COMMA = YES;
				CLANG_WARN_CONSTANT_CONVERSION = YES;
				CLANG_WARN_DEPRECATED_OBJC_IMPLEMENTATIONS = YES;
				CLANG_WARN_DIRECT_OBJC_ISA_USAGE = YES_ERROR;
				CLANG_WARN_DOCUMENTATION_COMMENTS = YES;
				CLANG_WARN_EMPTY_BODY = YES;
				CLANG_WARN_ENUM_CONVERSION = YES;
				CLANG_WARN_INFINITE_RECURSION = YES;
				CLANG_WARN_INT_CONVERSION = YES;
				CLANG_WARN_NON_LITERAL_NULL_CONVERSION = YES;
				CLANG_WARN_OBJC_IMPLICIT_RETAIN_SELF = YES;
				CLANG_WARN_OBJC_LITERAL_CONVERSION = YES;
				CLANG_WARN_OBJC_ROOT_CLASS = YES_ERROR;
				CLANG_WARN_QUOTED_INCLUDE_IN_FRAMEWORK_HEADER = YES;
				CLANG_WARN_RANGE_LOOP_ANALYSIS = YES;
				CLANG_WARN_STRICT_PROTOTYPES = YES;
				CLANG_WARN_SUSPICIOUS_MOVE = YES;
				CLANG_WARN_UNGUARDED_AVAILABILITY = YES_AGGRESSIVE;
				CLANG_WARN_UNREACHABLE_CODE = YES;
				CLANG_WARN__DUPLICATE_METHOD_MATCH = YES;
				COPY_PHASE_STRIP = NO;
				DEBUG_INFORMATION_FORMAT = dwarf;
				ENABLE_STRICT_OBJC_MSGSEND = YES;
				ENABLE_TESTABILITY = YES;
				GCC_C_LANGUAGE_STANDARD = gnu11;
				GCC_DYNAMIC_NO_PIC = NO;
				GCC_NO_COMMON_BLOCKS = YES;
				GCC_OPTIMIZATION_LEVEL = 0;
				GCC_PREPROCESSOR_DEFINITIONS = (
					"DEBUG=1",
					"$(inherited)",
				);
				GCC_WARN_64_TO_32_BIT_CONVERSION = YES;
				GCC_WARN_ABOUT_RETURN_TYPE = YES_ERROR;
				GCC_WARN_UNDECLARED_SELECTOR = YES;
				GCC_WARN_UNINITIALIZED_AUTOS = YES_AGGRESSIVE;
				GCC_WARN_UNUSED_FUNCTION = YES;
				GCC_WARN_UNUSED_VARIABLE = YES;
				IPHONEOS_DEPLOYMENT_TARGET = 15.5;
				MTL_ENABLE_DEBUG_INFO = INCLUDE_SOURCE;
				MTL_FAST_MATH = YES;
				ONLY_ACTIVE_ARCH = YES;
				SDKROOT = iphoneos;
				SWIFT_ACTIVE_COMPILATION_CONDITIONS = DEBUG;
				SWIFT_OPTIMIZATION_LEVEL = "-Onone";
			};
			name = Debug;
		};
		522BC56E28A27EF7005790BE /* Release */ = {
			isa = XCBuildConfiguration;
			buildSettings = {
				ALWAYS_SEARCH_USER_PATHS = NO;
				CLANG_ANALYZER_NONNULL = YES;
				CLANG_ANALYZER_NUMBER_OBJECT_CONVERSION = YES_AGGRESSIVE;
				CLANG_CXX_LANGUAGE_STANDARD = "gnu++17";
				CLANG_ENABLE_MODULES = YES;
				CLANG_ENABLE_OBJC_ARC = YES;
				CLANG_ENABLE_OBJC_WEAK = YES;
				CLANG_WARN_BLOCK_CAPTURE_AUTORELEASING = YES;
				CLANG_WARN_BOOL_CONVERSION = YES;
				CLANG_WARN_COMMA = YES;
				CLANG_WARN_CONSTANT_CONVERSION = YES;
				CLANG_WARN_DEPRECATED_OBJC_IMPLEMENTATIONS = YES;
				CLANG_WARN_DIRECT_OBJC_ISA_USAGE = YES_ERROR;
				CLANG_WARN_DOCUMENTATION_COMMENTS = YES;
				CLANG_WARN_EMPTY_BODY = YES;
				CLANG_WARN_ENUM_CONVERSION = YES;
				CLANG_WARN_INFINITE_RECURSION = YES;
				CLANG_WARN_INT_CONVERSION = YES;
				CLANG_WARN_NON_LITERAL_NULL_CONVERSION = YES;
				CLANG_WARN_OBJC_IMPLICIT_RETAIN_SELF = YES;
				CLANG_WARN_OBJC_LITERAL_CONVERSION = YES;
				CLANG_WARN_OBJC_ROOT_CLASS = YES_ERROR;
				CLANG_WARN_QUOTED_INCLUDE_IN_FRAMEWORK_HEADER = YES;
				CLANG_WARN_RANGE_LOOP_ANALYSIS = YES;
				CLANG_WARN_STRICT_PROTOTYPES = YES;
				CLANG_WARN_SUSPICIOUS_MOVE = YES;
				CLANG_WARN_UNGUARDED_AVAILABILITY = YES_AGGRESSIVE;
				CLANG_WARN_UNREACHABLE_CODE = YES;
				CLANG_WARN__DUPLICATE_METHOD_MATCH = YES;
				COPY_PHASE_STRIP = NO;
				DEBUG_INFORMATION_FORMAT = "dwarf-with-dsym";
				ENABLE_NS_ASSERTIONS = NO;
				ENABLE_STRICT_OBJC_MSGSEND = YES;
				GCC_C_LANGUAGE_STANDARD = gnu11;
				GCC_NO_COMMON_BLOCKS = YES;
				GCC_WARN_64_TO_32_BIT_CONVERSION = YES;
				GCC_WARN_ABOUT_RETURN_TYPE = YES_ERROR;
				GCC_WARN_UNDECLARED_SELECTOR = YES;
				GCC_WARN_UNINITIALIZED_AUTOS = YES_AGGRESSIVE;
				GCC_WARN_UNUSED_FUNCTION = YES;
				GCC_WARN_UNUSED_VARIABLE = YES;
				IPHONEOS_DEPLOYMENT_TARGET = 15.5;
				MTL_ENABLE_DEBUG_INFO = NO;
				MTL_FAST_MATH = YES;
				SDKROOT = iphoneos;
				SWIFT_COMPILATION_MODE = wholemodule;
				SWIFT_OPTIMIZATION_LEVEL = "-O";
				VALIDATE_PRODUCT = YES;
			};
			name = Release;
		};
		522BC57028A27EF7005790BE /* Debug */ = {
			isa = XCBuildConfiguration;
			baseConfigurationReference = E5D7A88E06ED1A32A52B3ED2 /* Pods-AssignmentTask.debug.xcconfig */;
			buildSettings = {
				ASSETCATALOG_COMPILER_APPICON_NAME = AppIcon;
				ASSETCATALOG_COMPILER_GLOBAL_ACCENT_COLOR_NAME = AccentColor;
				CODE_SIGN_STYLE = Automatic;
				CURRENT_PROJECT_VERSION = 1;
				DEVELOPMENT_TEAM = XN8847CQ79;
				GENERATE_INFOPLIST_FILE = YES;
				INFOPLIST_FILE = AssignmentTask/Info.plist;
				INFOPLIST_KEY_UIApplicationSupportsIndirectInputEvents = YES;
				INFOPLIST_KEY_UILaunchStoryboardName = LaunchScreen;
				INFOPLIST_KEY_UIMainStoryboardFile = Main;
				INFOPLIST_KEY_UISupportedInterfaceOrientations_iPad = "UIInterfaceOrientationPortrait UIInterfaceOrientationPortraitUpsideDown UIInterfaceOrientationLandscapeLeft UIInterfaceOrientationLandscapeRight";
				INFOPLIST_KEY_UISupportedInterfaceOrientations_iPhone = "UIInterfaceOrientationPortrait UIInterfaceOrientationLandscapeLeft UIInterfaceOrientationLandscapeRight";
				LD_RUNPATH_SEARCH_PATHS = (
					"$(inherited)",
					"@executable_path/Frameworks",
				);
				MARKETING_VERSION = 1.0;
				PRODUCT_BUNDLE_IDENTIFIER = com.cintaMedtech.task.AssignmentTask;
				PRODUCT_NAME = "$(TARGET_NAME)";
				SWIFT_EMIT_LOC_STRINGS = YES;
				SWIFT_VERSION = 5.0;
				TARGETED_DEVICE_FAMILY = "1,2";
			};
			name = Debug;
		};
		522BC57128A27EF7005790BE /* Release */ = {
			isa = XCBuildConfiguration;
			baseConfigurationReference = D3D20B6F511CD8042F31F66B /* Pods-AssignmentTask.release.xcconfig */;
			buildSettings = {
				ASSETCATALOG_COMPILER_APPICON_NAME = AppIcon;
				ASSETCATALOG_COMPILER_GLOBAL_ACCENT_COLOR_NAME = AccentColor;
				CODE_SIGN_STYLE = Automatic;
				CURRENT_PROJECT_VERSION = 1;
				DEVELOPMENT_TEAM = XN8847CQ79;
				GENERATE_INFOPLIST_FILE = YES;
				INFOPLIST_FILE = AssignmentTask/Info.plist;
				INFOPLIST_KEY_UIApplicationSupportsIndirectInputEvents = YES;
				INFOPLIST_KEY_UILaunchStoryboardName = LaunchScreen;
				INFOPLIST_KEY_UIMainStoryboardFile = Main;
				INFOPLIST_KEY_UISupportedInterfaceOrientations_iPad = "UIInterfaceOrientationPortrait UIInterfaceOrientationPortraitUpsideDown UIInterfaceOrientationLandscapeLeft UIInterfaceOrientationLandscapeRight";
				INFOPLIST_KEY_UISupportedInterfaceOrientations_iPhone = "UIInterfaceOrientationPortrait UIInterfaceOrientationLandscapeLeft UIInterfaceOrientationLandscapeRight";
				LD_RUNPATH_SEARCH_PATHS = (
					"$(inherited)",
					"@executable_path/Frameworks",
				);
				MARKETING_VERSION = 1.0;
				PRODUCT_BUNDLE_IDENTIFIER = com.cintaMedtech.task.AssignmentTask;
				PRODUCT_NAME = "$(TARGET_NAME)";
				SWIFT_EMIT_LOC_STRINGS = YES;
				SWIFT_VERSION = 5.0;
				TARGETED_DEVICE_FAMILY = "1,2";
			};
			name = Release;
		};
/* End XCBuildConfiguration section */

/* Begin XCConfigurationList section */
		522BC55628A27EF6005790BE /* Build configuration list for PBXProject "AssignmentTask" */ = {
			isa = XCConfigurationList;
			buildConfigurations = (
				522BC56D28A27EF7005790BE /* Debug */,
				522BC56E28A27EF7005790BE /* Release */,
			);
			defaultConfigurationIsVisible = 0;
			defaultConfigurationName = Release;
		};
		522BC56F28A27EF7005790BE /* Build configuration list for PBXNativeTarget "AssignmentTask" */ = {
			isa = XCConfigurationList;
			buildConfigurations = (
				522BC57028A27EF7005790BE /* Debug */,
				522BC57128A27EF7005790BE /* Release */,
			);
			defaultConfigurationIsVisible = 0;
			defaultConfigurationName = Release;
		};
/* End XCConfigurationList section */

/* Begin XCVersionGroup section */
		522BC57628A29526005790BE /* AssignmentTask.xcdatamodeld */ = {
			isa = XCVersionGroup;
			children = (
				522BC57728A29526005790BE /* AssignmentTask.xcdatamodel */,
			);
			currentVersion = 522BC57728A29526005790BE /* AssignmentTask.xcdatamodel */;
			path = AssignmentTask.xcdatamodeld;
			sourceTree = "<group>";
			versionGroupType = wrapper.xcdatamodel;
		};
/* End XCVersionGroup section */
	};
	rootObject = 522BC55328A27EF6005790BE /* Project object */;
}
